
Microsoft Visual Studio Solution File, Format Version 12.00
# Visual Studio Version 16
VisualStudioVersion = 16.0.31729.503
MinimumVisualStudioVersion = 10.0.40219.1
Project("{9A19103F-16F7-4668-BE54-9A1E7A4F7556}") = "TrucksApi", "TrucksApi\TrucksApi.csproj", "{D0CB5D31-C12E-4F5A-A055-7266771B2591}"
EndProject
Project("{9A19103F-16F7-4668-BE54-9A1E7A4F7556}") = "TrucksApi.Test", "TrucksApi.Test\TrucksApi.Test.csproj", "{0C8D25B0-53BB-404A-A0C4-53206416F8AC}"
EndProject
Global
	GlobalSection(SolutionConfigurationPlatforms) = preSolution
		Debug|Any CPU = Debug|Any CPU
		Release|Any CPU = Release|Any CPU
	EndGlobalSection
	GlobalSection(ProjectConfigurationPlatforms) = postSolution
		{D0CB5D31-C12E-4F5A-A055-7266771B2591}.Debug|Any CPU.ActiveCfg = Debug|Any CPU
		{D0CB5D31-C12E-4F5A-A055-7266771B2591}.Debug|Any CPU.Build.0 = Debug|Any CPU
		{D0CB5D31-C12E-4F5A-A055-7266771B2591}.Release|Any CPU.ActiveCfg = Release|Any CPU
		{D0CB5D31-C12E-4F5A-A055-7266771B2591}.Release|Any CPU.Build.0 = Release|Any CPU
		{0C8D25B0-53BB-404A-A0C4-53206416F8AC}.Debug|Any CPU.ActiveCfg = Debug|Any CPU
		{0C8D25B0-53BB-404A-A0C4-53206416F8AC}.Debug|Any CPU.Build.0 = Debug|Any CPU
		{0C8D25B0-53BB-404A-A0C4-53206416F8AC}.Release|Any CPU.ActiveCfg = Release|Any CPU
		{0C8D25B0-53BB-404A-A0C4-53206416F8AC}.Release|Any CPU.Build.0 = Release|Any CPU
	EndGlobalSection
	GlobalSection(SolutionProperties) = preSolution
		HideSolutionNode = FALSE
	EndGlobalSection
	GlobalSection(ExtensibilityGlobals) = postSolution
		SolutionGuid = {676D7BFC-92DC-42E4-9ED5-F14B4645F6CB}
	EndGlobalSection
EndGlobal
